
Microsoft Visual Studio Solution File, Format Version 12.00
# Visual Studio 14
VisualStudioVersion = 14.0.25420.1
MinimumVisualStudioVersion = 10.0.40219.1
Project("{FAE04EC0-301F-11D3-BF4B-00C04F79EFBC}") = "ALC-01", "ACL-01\ALC-01.csproj", "{96A71204-DA05-45AD-87B0-28BFD72F2D36}"
EndProject
Project("{FAE04EC0-301F-11D3-BF4B-00C04F79EFBC}") = "ALC-JIG2", "ALC-JIG2\ALC-JIG2.csproj", "{981BD65B-4E60-4B7C-AE23-58D314A41DC7}"
EndProject
Project("{FAE04EC0-301F-11D3-BF4B-00C04F79EFBC}") = "ALC-C3DStair", "ALC-C3DStair\ALC-C3DStair\ALC-C3DStair.csproj", "{D0DAA527-ED9E-4D48-849C-17EFCCE9807C}"
EndProject
Project("{FAE04EC0-301F-11D3-BF4B-00C04F79EFBC}") = "ALC-OverRuleSample", "ALC-OverRuleSample\ALC-OverRuleSample.csproj", "{60B9FC0D-CA84-4532-ACA7-B47F00D88FD6}"
EndProject
Project("{FAE04EC0-301F-11D3-BF4B-00C04F79EFBC}") = "ALC-ParameterSetSample", "ALC-PArameterSetSample\ALC-ParameterSetSample.csproj", "{75C68380-3E1D-4490-BCF4-ABD2156B7AEA}"
EndProject
Project("{FAE04EC0-301F-11D3-BF4B-00C04F79EFBC}") = "ALC-PolyLine", "ALC-PolyLine\ALC-PolyLine.csproj", "{28A47F80-B9DD-4C83-A154-A55F81A05995}"
EndProject
Project("{FAE04EC0-301F-11D3-BF4B-00C04F79EFBC}") = "ALC-Profile", "ALC-Profile\ALC-Profile.csproj", "{1DA3B582-966B-46D8-9A9B-E2476A503096}"
EndProject
Project("{FAE04EC0-301F-11D3-BF4B-00C04F79EFBC}") = "ALC-AlignmentGetDirection", "ALC-AlignmentGetDirection\ALC-AlignmentGetDirection.csproj", "{C8EF6AE0-CB1E-4A77-B990-10151C35C8F5}"
EndProject
Project("{FAE04EC0-301F-11D3-BF4B-00C04F79EFBC}") = "ALC-StairOverrule", "ALC-PipeOverrule\ALC-StairOverrule.csproj", "{C2A18A3A-6405-4A0F-BA19-D9266D8453F6}"
EndProject
Project("{FAE04EC0-301F-11D3-BF4B-00C04F79EFBC}") = "ALC-AttachObjectToAlignment", "ALC-AttachObjectToAlignment\ALC-AttachObjectToAlignment.csproj", "{AB9F8142-565B-4FAE-AE67-5829E19E46FE}"
EndProject
Project("{FAE04EC0-301F-11D3-BF4B-00C04F79EFBC}") = "ALC-SolidStair", "ALC-SolidStair\ALC-SolidStair.csproj", "{B52879A7-30E3-436A-A36F-818B6B7AD6CF}"
EndProject
Global
	GlobalSection(SolutionConfigurationPlatforms) = preSolution
		Debug|Any CPU = Debug|Any CPU
		Debug|x64 = Debug|x64
		Release|Any CPU = Release|Any CPU
		Release|x64 = Release|x64
	EndGlobalSection
	GlobalSection(ProjectConfigurationPlatforms) = postSolution
		{96A71204-DA05-45AD-87B0-28BFD72F2D36}.Debug|Any CPU.ActiveCfg = Debug|x64
		{96A71204-DA05-45AD-87B0-28BFD72F2D36}.Debug|Any CPU.Build.0 = Debug|x64
		{96A71204-DA05-45AD-87B0-28BFD72F2D36}.Debug|x64.ActiveCfg = Debug|x64
		{96A71204-DA05-45AD-87B0-28BFD72F2D36}.Debug|x64.Build.0 = Debug|x64
		{96A71204-DA05-45AD-87B0-28BFD72F2D36}.Release|Any CPU.ActiveCfg = Release|Any CPU
		{96A71204-DA05-45AD-87B0-28BFD72F2D36}.Release|Any CPU.Build.0 = Release|Any CPU
		{96A71204-DA05-45AD-87B0-28BFD72F2D36}.Release|x64.ActiveCfg = Release|x64
		{96A71204-DA05-45AD-87B0-28BFD72F2D36}.Release|x64.Build.0 = Release|x64
		{981BD65B-4E60-4B7C-AE23-58D314A41DC7}.Debug|Any CPU.ActiveCfg = Debug|x64
		{981BD65B-4E60-4B7C-AE23-58D314A41DC7}.Debug|Any CPU.Build.0 = Debug|x64
		{981BD65B-4E60-4B7C-AE23-58D314A41DC7}.Debug|x64.ActiveCfg = Debug|x64
		{981BD65B-4E60-4B7C-AE23-58D314A41DC7}.Debug|x64.Build.0 = Debug|x64
		{981BD65B-4E60-4B7C-AE23-58D314A41DC7}.Release|Any CPU.ActiveCfg = Release|Any CPU
		{981BD65B-4E60-4B7C-AE23-58D314A41DC7}.Release|Any CPU.Build.0 = Release|Any CPU
		{981BD65B-4E60-4B7C-AE23-58D314A41DC7}.Release|x64.ActiveCfg = Release|x64
		{981BD65B-4E60-4B7C-AE23-58D314A41DC7}.Release|x64.Build.0 = Release|x64
		{D0DAA527-ED9E-4D48-849C-17EFCCE9807C}.Debug|Any CPU.ActiveCfg = Debug|Any CPU
		{D0DAA527-ED9E-4D48-849C-17EFCCE9807C}.Debug|Any CPU.Build.0 = Debug|Any CPU
		{D0DAA527-ED9E-4D48-849C-17EFCCE9807C}.Debug|x64.ActiveCfg = Debug|x64
		{D0DAA527-ED9E-4D48-849C-17EFCCE9807C}.Debug|x64.Build.0 = Debug|x64
		{D0DAA527-ED9E-4D48-849C-17EFCCE9807C}.Release|Any CPU.ActiveCfg = Release|Any CPU
		{D0DAA527-ED9E-4D48-849C-17EFCCE9807C}.Release|Any CPU.Build.0 = Release|Any CPU
		{D0DAA527-ED9E-4D48-849C-17EFCCE9807C}.Release|x64.ActiveCfg = Release|Any CPU
		{D0DAA527-ED9E-4D48-849C-17EFCCE9807C}.Release|x64.Build.0 = Release|Any CPU
		{60B9FC0D-CA84-4532-ACA7-B47F00D88FD6}.Debug|Any CPU.ActiveCfg = Debug|Any CPU
		{60B9FC0D-CA84-4532-ACA7-B47F00D88FD6}.Debug|Any CPU.Build.0 = Debug|Any CPU
		{60B9FC0D-CA84-4532-ACA7-B47F00D88FD6}.Debug|x64.ActiveCfg = Debug|Any CPU
		{60B9FC0D-CA84-4532-ACA7-B47F00D88FD6}.Debug|x64.Build.0 = Debug|Any CPU
		{60B9FC0D-CA84-4532-ACA7-B47F00D88FD6}.Release|Any CPU.ActiveCfg = Release|Any CPU
		{60B9FC0D-CA84-4532-ACA7-B47F00D88FD6}.Release|Any CPU.Build.0 = Release|Any CPU
		{60B9FC0D-CA84-4532-ACA7-B47F00D88FD6}.Release|x64.ActiveCfg = Release|Any CPU
		{60B9FC0D-CA84-4532-ACA7-B47F00D88FD6}.Release|x64.Build.0 = Release|Any CPU
		{75C68380-3E1D-4490-BCF4-ABD2156B7AEA}.Debug|Any CPU.ActiveCfg = Debug|Any CPU
		{75C68380-3E1D-4490-BCF4-ABD2156B7AEA}.Debug|Any CPU.Build.0 = Debug|Any CPU
		{75C68380-3E1D-4490-BCF4-ABD2156B7AEA}.Debug|x64.ActiveCfg = Debug|Any CPU
		{75C68380-3E1D-4490-BCF4-ABD2156B7AEA}.Debug|x64.Build.0 = Debug|Any CPU
		{75C68380-3E1D-4490-BCF4-ABD2156B7AEA}.Release|Any CPU.ActiveCfg = Release|Any CPU
		{75C68380-3E1D-4490-BCF4-ABD2156B7AEA}.Release|Any CPU.Build.0 = Release|Any CPU
		{75C68380-3E1D-4490-BCF4-ABD2156B7AEA}.Release|x64.ActiveCfg = Release|Any CPU
		{75C68380-3E1D-4490-BCF4-ABD2156B7AEA}.Release|x64.Build.0 = Release|Any CPU
		{28A47F80-B9DD-4C83-A154-A55F81A05995}.Debug|Any CPU.ActiveCfg = Debug|Any CPU
		{28A47F80-B9DD-4C83-A154-A55F81A05995}.Debug|Any CPU.Build.0 = Debug|Any CPU
		{28A47F80-B9DD-4C83-A154-A55F81A05995}.Debug|x64.ActiveCfg = Debug|Any CPU
		{28A47F80-B9DD-4C83-A154-A55F81A05995}.Debug|x64.Build.0 = Debug|Any CPU
		{28A47F80-B9DD-4C83-A154-A55F81A05995}.Release|Any CPU.ActiveCfg = Release|Any CPU
		{28A47F80-B9DD-4C83-A154-A55F81A05995}.Release|Any CPU.Build.0 = Release|Any CPU
		{28A47F80-B9DD-4C83-A154-A55F81A05995}.Release|x64.ActiveCfg = Release|Any CPU
		{28A47F80-B9DD-4C83-A154-A55F81A05995}.Release|x64.Build.0 = Release|Any CPU
		{1DA3B582-966B-46D8-9A9B-E2476A503096}.Debug|Any CPU.ActiveCfg = Debug|Any CPU
		{1DA3B582-966B-46D8-9A9B-E2476A503096}.Debug|Any CPU.Build.0 = Debug|Any CPU
		{1DA3B582-966B-46D8-9A9B-E2476A503096}.Debug|x64.ActiveCfg = Debug|Any CPU
		{1DA3B582-966B-46D8-9A9B-E2476A503096}.Debug|x64.Build.0 = Debug|Any CPU
		{1DA3B582-966B-46D8-9A9B-E2476A503096}.Release|Any CPU.ActiveCfg = Release|Any CPU
		{1DA3B582-966B-46D8-9A9B-E2476A503096}.Release|Any CPU.Build.0 = Release|Any CPU
		{1DA3B582-966B-46D8-9A9B-E2476A503096}.Release|x64.ActiveCfg = Release|Any CPU
		{1DA3B582-966B-46D8-9A9B-E2476A503096}.Release|x64.Build.0 = Release|Any CPU
		{C8EF6AE0-CB1E-4A77-B990-10151C35C8F5}.Debug|Any CPU.ActiveCfg = Debug|Any CPU
		{C8EF6AE0-CB1E-4A77-B990-10151C35C8F5}.Debug|Any CPU.Build.0 = Debug|Any CPU
		{C8EF6AE0-CB1E-4A77-B990-10151C35C8F5}.Debug|x64.ActiveCfg = Debug|Any CPU
		{C8EF6AE0-CB1E-4A77-B990-10151C35C8F5}.Debug|x64.Build.0 = Debug|Any CPU
		{C8EF6AE0-CB1E-4A77-B990-10151C35C8F5}.Release|Any CPU.ActiveCfg = Release|Any CPU
		{C8EF6AE0-CB1E-4A77-B990-10151C35C8F5}.Release|Any CPU.Build.0 = Release|Any CPU
		{C8EF6AE0-CB1E-4A77-B990-10151C35C8F5}.Release|x64.ActiveCfg = Release|Any CPU
		{C8EF6AE0-CB1E-4A77-B990-10151C35C8F5}.Release|x64.Build.0 = Release|Any CPU
		{C2A18A3A-6405-4A0F-BA19-D9266D8453F6}.Debug|Any CPU.ActiveCfg = Debug|Any CPU
		{C2A18A3A-6405-4A0F-BA19-D9266D8453F6}.Debug|Any CPU.Build.0 = Debug|Any CPU
		{C2A18A3A-6405-4A0F-BA19-D9266D8453F6}.Debug|x64.ActiveCfg = Debug|Any CPU
		{C2A18A3A-6405-4A0F-BA19-D9266D8453F6}.Debug|x64.Build.0 = Debug|Any CPU
		{C2A18A3A-6405-4A0F-BA19-D9266D8453F6}.Release|Any CPU.ActiveCfg = Release|Any CPU
		{C2A18A3A-6405-4A0F-BA19-D9266D8453F6}.Release|Any CPU.Build.0 = Release|Any CPU
		{C2A18A3A-6405-4A0F-BA19-D9266D8453F6}.Release|x64.ActiveCfg = Release|Any CPU
		{C2A18A3A-6405-4A0F-BA19-D9266D8453F6}.Release|x64.Build.0 = Release|Any CPU
		{AB9F8142-565B-4FAE-AE67-5829E19E46FE}.Debug|Any CPU.ActiveCfg = Debug|Any CPU
		{AB9F8142-565B-4FAE-AE67-5829E19E46FE}.Debug|Any CPU.Build.0 = Debug|Any CPU
		{AB9F8142-565B-4FAE-AE67-5829E19E46FE}.Debug|x64.ActiveCfg = Debug|Any CPU
		{AB9F8142-565B-4FAE-AE67-5829E19E46FE}.Debug|x64.Build.0 = Debug|Any CPU
		{AB9F8142-565B-4FAE-AE67-5829E19E46FE}.Release|Any CPU.ActiveCfg = Release|Any CPU
		{AB9F8142-565B-4FAE-AE67-5829E19E46FE}.Release|Any CPU.Build.0 = Release|Any CPU
		{AB9F8142-565B-4FAE-AE67-5829E19E46FE}.Release|x64.ActiveCfg = Release|Any CPU
		{AB9F8142-565B-4FAE-AE67-5829E19E46FE}.Release|x64.Build.0 = Release|Any CPU
		{B52879A7-30E3-436A-A36F-818B6B7AD6CF}.Debug|Any CPU.ActiveCfg = Debug|Any CPU
		{B52879A7-30E3-436A-A36F-818B6B7AD6CF}.Debug|Any CPU.Build.0 = Debug|Any CPU
		{B52879A7-30E3-436A-A36F-818B6B7AD6CF}.Debug|x64.ActiveCfg = Debug|Any CPU
		{B52879A7-30E3-436A-A36F-818B6B7AD6CF}.Debug|x64.Build.0 = Debug|Any CPU
		{B52879A7-30E3-436A-A36F-818B6B7AD6CF}.Release|Any CPU.ActiveCfg = Release|Any CPU
		{B52879A7-30E3-436A-A36F-818B6B7AD6CF}.Release|Any CPU.Build.0 = Release|Any CPU
		{B52879A7-30E3-436A-A36F-818B6B7AD6CF}.Release|x64.ActiveCfg = Release|Any CPU
		{B52879A7-30E3-436A-A36F-818B6B7AD6CF}.Release|x64.Build.0 = Release|Any CPU
	EndGlobalSection
	GlobalSection(SolutionProperties) = preSolution
		HideSolutionNode = FALSE
	EndGlobalSection
	GlobalSection(ExtensibilityGlobals) = postSolution
		SolutionGuid = {0C318192-FD17-464E-85AC-8150F03EA5C1}
	EndGlobalSection
EndGlobal
