
Microsoft Visual Studio Solution File, Format Version 12.00
# Visual Studio 15
VisualStudioVersion = 15.0.27004.2010
MinimumVisualStudioVersion = 10.0.40219.1
Project("{FAE04EC0-301F-11D3-BF4B-00C04F79EFBC}") = "ALC-Stair", "ALC-Stair\ALC-Stair.csproj", "{B2F9C5F4-B42A-4C90-83B6-3D40F2C2BE4A}"
EndProject
Project("{FAE04EC0-301F-11D3-BF4B-00C04F79EFBC}") = "ALC-01", "ACL-01\ALC-01.csproj", "{96A71204-DA05-45AD-87B0-28BFD72F2D36}"
EndProject
Global
	GlobalSection(SolutionConfigurationPlatforms) = preSolution
		Debug|Any CPU = Debug|Any CPU
		Debug|x64 = Debug|x64
		Release|Any CPU = Release|Any CPU
		Release|x64 = Release|x64
	EndGlobalSection
	GlobalSection(ProjectConfigurationPlatforms) = postSolution
		{B2F9C5F4-B42A-4C90-83B6-3D40F2C2BE4A}.Debug|Any CPU.ActiveCfg = Debug|Any CPU
		{B2F9C5F4-B42A-4C90-83B6-3D40F2C2BE4A}.Debug|Any CPU.Build.0 = Debug|Any CPU
		{B2F9C5F4-B42A-4C90-83B6-3D40F2C2BE4A}.Debug|x64.ActiveCfg = Debug|Any CPU
		{B2F9C5F4-B42A-4C90-83B6-3D40F2C2BE4A}.Debug|x64.Build.0 = Debug|Any CPU
		{B2F9C5F4-B42A-4C90-83B6-3D40F2C2BE4A}.Release|Any CPU.ActiveCfg = Release|Any CPU
		{B2F9C5F4-B42A-4C90-83B6-3D40F2C2BE4A}.Release|Any CPU.Build.0 = Release|Any CPU
		{B2F9C5F4-B42A-4C90-83B6-3D40F2C2BE4A}.Release|x64.ActiveCfg = Release|Any CPU
		{B2F9C5F4-B42A-4C90-83B6-3D40F2C2BE4A}.Release|x64.Build.0 = Release|Any CPU
		{96A71204-DA05-45AD-87B0-28BFD72F2D36}.Debug|Any CPU.ActiveCfg = Debug|Any CPU
		{96A71204-DA05-45AD-87B0-28BFD72F2D36}.Debug|Any CPU.Build.0 = Debug|Any CPU
		{96A71204-DA05-45AD-87B0-28BFD72F2D36}.Debug|x64.ActiveCfg = Debug|x64
		{96A71204-DA05-45AD-87B0-28BFD72F2D36}.Debug|x64.Build.0 = Debug|x64
		{96A71204-DA05-45AD-87B0-28BFD72F2D36}.Release|Any CPU.ActiveCfg = Release|Any CPU
		{96A71204-DA05-45AD-87B0-28BFD72F2D36}.Release|Any CPU.Build.0 = Release|Any CPU
		{96A71204-DA05-45AD-87B0-28BFD72F2D36}.Release|x64.ActiveCfg = Release|x64
		{96A71204-DA05-45AD-87B0-28BFD72F2D36}.Release|x64.Build.0 = Release|x64
	EndGlobalSection
	GlobalSection(SolutionProperties) = preSolution
		HideSolutionNode = FALSE
	EndGlobalSection
	GlobalSection(ExtensibilityGlobals) = postSolution
		SolutionGuid = {0C318192-FD17-464E-85AC-8150F03EA5C1}
	EndGlobalSection
EndGlobal
